
Microsoft Visual Studio Solution File, Format Version 12.00
# Visual Studio Version 17
VisualStudioVersion = 17.13.35806.99 d17.13
MinimumVisualStudioVersion = 10.0.40219.1
Project("{FAE04EC0-301F-11D3-BF4B-00C04F79EFBC}") = "matematikoyunu2", "matematikoyunu2\matematikoyunu2.csproj", "{8AFEC4C6-1912-4BC2-BEE9-74FC25F2A3B9}"
EndProject
Global
	GlobalSection(SolutionConfigurationPlatforms) = preSolution
		Debug|Any CPU = Debug|Any CPU
		Release|Any CPU = Release|Any CPU
	EndGlobalSection
	GlobalSection(ProjectConfigurationPlatforms) = postSolution
		{8AFEC4C6-1912-4BC2-BEE9-74FC25F2A3B9}.Debug|Any CPU.ActiveCfg = Debug|Any CPU
		{8AFEC4C6-1912-4BC2-BEE9-74FC25F2A3B9}.Debug|Any CPU.Build.0 = Debug|Any CPU
		{8AFEC4C6-1912-4BC2-BEE9-74FC25F2A3B9}.Release|Any CPU.ActiveCfg = Release|Any CPU
		{8AFEC4C6-1912-4BC2-BEE9-74FC25F2A3B9}.Release|Any CPU.Build.0 = Release|Any CPU
	EndGlobalSection
	GlobalSection(SolutionProperties) = preSolution
		HideSolutionNode = FALSE
	EndGlobalSection
	GlobalSection(ExtensibilityGlobals) = postSolution
		SolutionGuid = {96723C30-F3A9-495C-AA97-7E34A43C007A}
	EndGlobalSection
EndGlobal
